
Microsoft Visual Studio Solution File, Format Version 12.00
# Visual Studio Version 17
VisualStudioVersion = 17.5.002.0
MinimumVisualStudioVersion = 10.0.40219.1
Project("{9A19103F-16F7-4668-BE54-9A1E7A4F7556}") = "SequenceFinder", "app\SequenceFinder.csproj", "{15F36DA9-6192-418D-B2C2-0BFDE71487E7}"
EndProject
Project("{9A19103F-16F7-4668-BE54-9A1E7A4F7556}") = "tests", "tests\tests.csproj", "{62646803-BC70-474C-AFE6-455C052BDC0A}"
EndProject
Global
	GlobalSection(SolutionConfigurationPlatforms) = preSolution
		Debug|Any CPU = Debug|Any CPU
		Release|Any CPU = Release|Any CPU
	EndGlobalSection
	GlobalSection(ProjectConfigurationPlatforms) = postSolution
		{15F36DA9-6192-418D-B2C2-0BFDE71487E7}.Debug|Any CPU.ActiveCfg = Debug|Any CPU
		{15F36DA9-6192-418D-B2C2-0BFDE71487E7}.Debug|Any CPU.Build.0 = Debug|Any CPU
		{15F36DA9-6192-418D-B2C2-0BFDE71487E7}.Release|Any CPU.ActiveCfg = Release|Any CPU
		{15F36DA9-6192-418D-B2C2-0BFDE71487E7}.Release|Any CPU.Build.0 = Release|Any CPU
		{62646803-BC70-474C-AFE6-455C052BDC0A}.Debug|Any CPU.ActiveCfg = Debug|Any CPU
		{62646803-BC70-474C-AFE6-455C052BDC0A}.Debug|Any CPU.Build.0 = Debug|Any CPU
		{62646803-BC70-474C-AFE6-455C052BDC0A}.Release|Any CPU.ActiveCfg = Release|Any CPU
		{62646803-BC70-474C-AFE6-455C052BDC0A}.Release|Any CPU.Build.0 = Release|Any CPU
	EndGlobalSection
	GlobalSection(SolutionProperties) = preSolution
		HideSolutionNode = FALSE
	EndGlobalSection
	GlobalSection(ExtensibilityGlobals) = postSolution
		SolutionGuid = {D4443AA0-163C-4736-9382-6D75123A2FAD}
	EndGlobalSection
EndGlobal
